
Microsoft Visual Studio Solution File, Format Version 12.00
# Visual Studio Version 17
VisualStudioVersion = 17.0.31903.59
MinimumVisualStudioVersion = 10.0.40219.1
Project("{FAE04EC0-301F-11D3-BF4B-00C04F79EFBC}") = "API", "API\API.csproj", "{06AD6EA0-051B-4D12-94BE-A6EAC5ABE841}"
EndProject
Global
	GlobalSection(SolutionConfigurationPlatforms) = preSolution
		Debug|Any CPU = Debug|Any CPU
		Release|Any CPU = Release|Any CPU
	EndGlobalSection
	GlobalSection(SolutionProperties) = preSolution
		HideSolutionNode = FALSE
	EndGlobalSection
	GlobalSection(ProjectConfigurationPlatforms) = postSolution
		{06AD6EA0-051B-4D12-94BE-A6EAC5ABE841}.Debug|Any CPU.ActiveCfg = Debug|Any CPU
		{06AD6EA0-051B-4D12-94BE-A6EAC5ABE841}.Debug|Any CPU.Build.0 = Debug|Any CPU
		{06AD6EA0-051B-4D12-94BE-A6EAC5ABE841}.Release|Any CPU.ActiveCfg = Release|Any CPU
		{06AD6EA0-051B-4D12-94BE-A6EAC5ABE841}.Release|Any CPU.Build.0 = Release|Any CPU
	EndGlobalSection
EndGlobal
